// !$*UTF8*$!
{
	archiveVersion = 1;
	classes = {
	};
	objectVersion = 50;
	objects = {

/* Begin PBXBuildFile section */
		82C80C6D2381479F002C3E71 /* AppDelegate.swift in Sources */ = {isa = PBXBuildFile; fileRef = 82C80C6C2381479F002C3E71 /* AppDelegate.swift */; };
		82C80C76238147A0002C3E71 /* Assets.xcassets in Resources */ = {isa = PBXBuildFile; fileRef = 82C80C75238147A0002C3E71 /* Assets.xcassets */; };
		82C80C79238147A0002C3E71 /* LaunchScreen.storyboard in Resources */ = {isa = PBXBuildFile; fileRef = 82C80C77238147A0002C3E71 /* LaunchScreen.storyboard */; };
		82C80C8523814C56002C3E71 /* chart_data.json in Resources */ = {isa = PBXBuildFile; fileRef = 82C80C8423814C56002C3E71 /* chart_data.json */; };
		82C80C8723814E57002C3E71 /* Chart.swift in Sources */ = {isa = PBXBuildFile; fileRef = 82C80C8623814E56002C3E71 /* Chart.swift */; };
		82C80C8D23815104002C3E71 /* ChartsService.swift in Sources */ = {isa = PBXBuildFile; fileRef = 82C80C8C23815104002C3E71 /* ChartsService.swift */; };
		82C80C8F23815325002C3E71 /* ChartListViewController.swift in Sources */ = {isa = PBXBuildFile; fileRef = 82C80C8E23815325002C3E71 /* ChartListViewController.swift */; };
		82C80C9123815335002C3E71 /* ChartListViewController.storyboard in Resources */ = {isa = PBXBuildFile; fileRef = 82C80C9023815335002C3E71 /* ChartListViewController.storyboard */; };
		82C80C94238153E0002C3E71 /* ChartListConfigurator.swift in Sources */ = {isa = PBXBuildFile; fileRef = 82C80C93238153E0002C3E71 /* ChartListConfigurator.swift */; };
		82C80C9623815442002C3E71 /* ChartListPresenter.swift in Sources */ = {isa = PBXBuildFile; fileRef = 82C80C9523815442002C3E71 /* ChartListPresenter.swift */; };
		82C80C982381756E002C3E71 /* ChartConfigurator.swift in Sources */ = {isa = PBXBuildFile; fileRef = 82C80C972381756E002C3E71 /* ChartConfigurator.swift */; };
		82C80C9A2381759C002C3E71 /* ChartPresenter.swift in Sources */ = {isa = PBXBuildFile; fileRef = 82C80C992381759C002C3E71 /* ChartPresenter.swift */; };
		82C80C9C238175BF002C3E71 /* ChartViewController.swift in Sources */ = {isa = PBXBuildFile; fileRef = 82C80C9B238175BF002C3E71 /* ChartViewController.swift */; };
		82C80C9E238175C9002C3E71 /* ChartViewController.storyboard in Resources */ = {isa = PBXBuildFile; fileRef = 82C80C9D238175C9002C3E71 /* ChartViewController.storyboard */; };
		82C80CA023817860002C3E71 /* ChartListView.swift in Sources */ = {isa = PBXBuildFile; fileRef = 82C80C9F23817860002C3E71 /* ChartListView.swift */; };
		82C80CA22381788C002C3E71 /* ChartView.swift in Sources */ = {isa = PBXBuildFile; fileRef = 82C80CA12381788C002C3E71 /* ChartView.swift */; };
/* End PBXBuildFile section */

/* Begin PBXFileReference section */
		82C80C692381479F002C3E71 /* TelegramChart.app */ = {isa = PBXFileReference; explicitFileType = wrapper.application; includeInIndex = 0; path = TelegramChart.app; sourceTree = BUILT_PRODUCTS_DIR; };
		82C80C6C2381479F002C3E71 /* AppDelegate.swift */ = {isa = PBXFileReference; lastKnownFileType = sourcecode.swift; path = AppDelegate.swift; sourceTree = "<group>"; };
		82C80C75238147A0002C3E71 /* Assets.xcassets */ = {isa = PBXFileReference; lastKnownFileType = folder.assetcatalog; path = Assets.xcassets; sourceTree = "<group>"; };
		82C80C78238147A0002C3E71 /* Base */ = {isa = PBXFileReference; lastKnownFileType = file.storyboard; name = Base; path = Base.lproj/LaunchScreen.storyboard; sourceTree = "<group>"; };
		82C80C7A238147A0002C3E71 /* Info.plist */ = {isa = PBXFileReference; lastKnownFileType = text.plist.xml; path = Info.plist; sourceTree = "<group>"; };
		82C80C8423814C56002C3E71 /* chart_data.json */ = {isa = PBXFileReference; fileEncoding = 4; lastKnownFileType = text.json; path = chart_data.json; sourceTree = SOURCE_ROOT; };
		82C80C8623814E56002C3E71 /* Chart.swift */ = {isa = PBXFileReference; lastKnownFileType = sourcecode.swift; path = Chart.swift; sourceTree = "<group>"; };
		82C80C8C23815104002C3E71 /* ChartsService.swift */ = {isa = PBXFileReference; lastKnownFileType = sourcecode.swift; path = ChartsService.swift; sourceTree = "<group>"; };
		82C80C8E23815325002C3E71 /* ChartListViewController.swift */ = {isa = PBXFileReference; lastKnownFileType = sourcecode.swift; path = ChartListViewController.swift; sourceTree = "<group>"; };
		82C80C9023815335002C3E71 /* ChartListViewController.storyboard */ = {isa = PBXFileReference; lastKnownFileType = file.storyboard; path = ChartListViewController.storyboard; sourceTree = "<group>"; };
		82C80C93238153E0002C3E71 /* ChartListConfigurator.swift */ = {isa = PBXFileReference; lastKnownFileType = sourcecode.swift; path = ChartListConfigurator.swift; sourceTree = "<group>"; };
		82C80C9523815442002C3E71 /* ChartListPresenter.swift */ = {isa = PBXFileReference; lastKnownFileType = sourcecode.swift; path = ChartListPresenter.swift; sourceTree = "<group>"; };
		82C80C972381756E002C3E71 /* ChartConfigurator.swift */ = {isa = PBXFileReference; lastKnownFileType = sourcecode.swift; path = ChartConfigurator.swift; sourceTree = "<group>"; };
		82C80C992381759C002C3E71 /* ChartPresenter.swift */ = {isa = PBXFileReference; lastKnownFileType = sourcecode.swift; path = ChartPresenter.swift; sourceTree = "<group>"; };
		82C80C9B238175BF002C3E71 /* ChartViewController.swift */ = {isa = PBXFileReference; lastKnownFileType = sourcecode.swift; path = ChartViewController.swift; sourceTree = "<group>"; };
		82C80C9D238175C9002C3E71 /* ChartViewController.storyboard */ = {isa = PBXFileReference; lastKnownFileType = file.storyboard; path = ChartViewController.storyboard; sourceTree = "<group>"; };
		82C80C9F23817860002C3E71 /* ChartListView.swift */ = {isa = PBXFileReference; lastKnownFileType = sourcecode.swift; path = ChartListView.swift; sourceTree = "<group>"; };
		82C80CA12381788C002C3E71 /* ChartView.swift */ = {isa = PBXFileReference; lastKnownFileType = sourcecode.swift; path = ChartView.swift; sourceTree = "<group>"; };
/* End PBXFileReference section */

/* Begin PBXFrameworksBuildPhase section */
		82C80C662381479F002C3E71 /* Frameworks */ = {
			isa = PBXFrameworksBuildPhase;
			buildActionMask = 2147483647;
			files = (
			);
			runOnlyForDeploymentPostprocessing = 0;
		};
/* End PBXFrameworksBuildPhase section */

/* Begin PBXGroup section */
		82C80C602381479E002C3E71 = {
			isa = PBXGroup;
			children = (
				82C80C6B2381479F002C3E71 /* TelegramChart */,
				82C80C6A2381479F002C3E71 /* Products */,
			);
			sourceTree = "<group>";
		};
		82C80C6A2381479F002C3E71 /* Products */ = {
			isa = PBXGroup;
			children = (
				82C80C692381479F002C3E71 /* TelegramChart.app */,
			);
			name = Products;
			sourceTree = "<group>";
		};
		82C80C6B2381479F002C3E71 /* TelegramChart */ = {
			isa = PBXGroup;
			children = (
				82C80C8023814BD3002C3E71 /* Application */,
				82C80C8B238150EB002C3E71 /* Service */,
				82C80C8123814BF8002C3E71 /* Model */,
				82C80C8823814FD9002C3E71 /* Modules */,
				82C80C8323814C2E002C3E71 /* Resources */,
				82C80C7A238147A0002C3E71 /* Info.plist */,
			);
			path = TelegramChart;
			sourceTree = "<group>";
		};
		82C80C8023814BD3002C3E71 /* Application */ = {
			isa = PBXGroup;
			children = (
				82C80C6C2381479F002C3E71 /* AppDelegate.swift */,
				82C80C77238147A0002C3E71 /* LaunchScreen.storyboard */,
			);
			path = Application;
			sourceTree = "<group>";
		};
		82C80C8123814BF8002C3E71 /* Model */ = {
			isa = PBXGroup;
			children = (
				82C80C8623814E56002C3E71 /* Chart.swift */,
			);
			path = Model;
			sourceTree = "<group>";
		};
		82C80C8323814C2E002C3E71 /* Resources */ = {
			isa = PBXGroup;
			children = (
				82C80C8423814C56002C3E71 /* chart_data.json */,
				82C80C75238147A0002C3E71 /* Assets.xcassets */,
			);
			path = Resources;
			sourceTree = "<group>";
		};
		82C80C8823814FD9002C3E71 /* Modules */ = {
			isa = PBXGroup;
			children = (
				82C80C8A23814FFA002C3E71 /* Chart */,
				82C80C8923814FE9002C3E71 /* CharList */,
			);
			path = Modules;
			sourceTree = "<group>";
		};
		82C80C8923814FE9002C3E71 /* CharList */ = {
			isa = PBXGroup;
			children = (
				82C80C8E23815325002C3E71 /* ChartListViewController.swift */,
				82C80C9023815335002C3E71 /* ChartListViewController.storyboard */,
				82C80C93238153E0002C3E71 /* ChartListConfigurator.swift */,
				82C80C9523815442002C3E71 /* ChartListPresenter.swift */,
				82C80C9F23817860002C3E71 /* ChartListView.swift */,
			);
			path = CharList;
			sourceTree = "<group>";
		};
		82C80C8A23814FFA002C3E71 /* Chart */ = {
			isa = PBXGroup;
			children = (
				82C80C972381756E002C3E71 /* ChartConfigurator.swift */,
				82C80C992381759C002C3E71 /* ChartPresenter.swift */,
				82C80C9B238175BF002C3E71 /* ChartViewController.swift */,
				82C80C9D238175C9002C3E71 /* ChartViewController.storyboard */,
				82C80CA12381788C002C3E71 /* ChartView.swift */,
			);
			path = Chart;
			sourceTree = "<group>";
		};
		82C80C8B238150EB002C3E71 /* Service */ = {
			isa = PBXGroup;
			children = (
				82C80C8C23815104002C3E71 /* ChartsService.swift */,
			);
			path = Service;
			sourceTree = "<group>";
		};
/* End PBXGroup section */

/* Begin PBXNativeTarget section */
		82C80C682381479F002C3E71 /* TelegramChart */ = {
			isa = PBXNativeTarget;
			buildConfigurationList = 82C80C7D238147A0002C3E71 /* Build configuration list for PBXNativeTarget "TelegramChart" */;
			buildPhases = (
				82C80C652381479F002C3E71 /* Sources */,
				82C80C662381479F002C3E71 /* Frameworks */,
				82C80C672381479F002C3E71 /* Resources */,
			);
			buildRules = (
			);
			dependencies = (
			);
			name = TelegramChart;
			productName = TelegramChart;
			productReference = 82C80C692381479F002C3E71 /* TelegramChart.app */;
			productType = "com.apple.product-type.application";
		};
/* End PBXNativeTarget section */

/* Begin PBXProject section */
		82C80C612381479E002C3E71 /* Project object */ = {
			isa = PBXProject;
			attributes = {
				LastSwiftUpdateCheck = 1120;
				LastUpgradeCheck = 1120;
				ORGANIZATIONNAME = "Alexander Serdobintsev";
				TargetAttributes = {
					82C80C682381479F002C3E71 = {
						CreatedOnToolsVersion = 11.2.1;
					};
				};
			};
			buildConfigurationList = 82C80C642381479E002C3E71 /* Build configuration list for PBXProject "TelegramChart" */;
			compatibilityVersion = "Xcode 9.3";
			developmentRegion = en;
			hasScannedForEncodings = 0;
			knownRegions = (
				en,
				Base,
			);
			mainGroup = 82C80C602381479E002C3E71;
			productRefGroup = 82C80C6A2381479F002C3E71 /* Products */;
			projectDirPath = "";
			projectRoot = "";
			targets = (
				82C80C682381479F002C3E71 /* TelegramChart */,
			);
		};
/* End PBXProject section */

/* Begin PBXResourcesBuildPhase section */
		82C80C672381479F002C3E71 /* Resources */ = {
			isa = PBXResourcesBuildPhase;
			buildActionMask = 2147483647;
			files = (
				82C80C79238147A0002C3E71 /* LaunchScreen.storyboard in Resources */,
				82C80C76238147A0002C3E71 /* Assets.xcassets in Resources */,
				82C80C8523814C56002C3E71 /* chart_data.json in Resources */,
				82C80C9123815335002C3E71 /* ChartListViewController.storyboard in Resources */,
				82C80C9E238175C9002C3E71 /* ChartViewController.storyboard in Resources */,
			);
			runOnlyForDeploymentPostprocessing = 0;
		};
/* End PBXResourcesBuildPhase section */

/* Begin PBXSourcesBuildPhase section */
		82C80C652381479F002C3E71 /* Sources */ = {
			isa = PBXSourcesBuildPhase;
			buildActionMask = 2147483647;
			files = (
				82C80C94238153E0002C3E71 /* ChartListConfigurator.swift in Sources */,
				82C80C9A2381759C002C3E71 /* ChartPresenter.swift in Sources */,
				82C80C8723814E57002C3E71 /* Chart.swift in Sources */,
				82C80C8F23815325002C3E71 /* ChartListViewController.swift in Sources */,
				82C80C6D2381479F002C3E71 /* AppDelegate.swift in Sources */,
				82C80C9C238175BF002C3E71 /* ChartViewController.swift in Sources */,
				82C80C982381756E002C3E71 /* ChartConfigurator.swift in Sources */,
				82C80CA22381788C002C3E71 /* ChartView.swift in Sources */,
				82C80C8D23815104002C3E71 /* ChartsService.swift in Sources */,
				82C80C9623815442002C3E71 /* ChartListPresenter.swift in Sources */,
				82C80CA023817860002C3E71 /* ChartListView.swift in Sources */,
			);
			runOnlyForDeploymentPostprocessing = 0;
		};
/* End PBXSourcesBuildPhase section */

/* Begin PBXVariantGroup section */
		82C80C77238147A0002C3E71 /* LaunchScreen.storyboard */ = {
			isa = PBXVariantGroup;
			children = (
				82C80C78238147A0002C3E71 /* Base */,
			);
			name = LaunchScreen.storyboard;
			sourceTree = "<group>";
		};
/* End PBXVariantGroup section */

/* Begin XCBuildConfiguration section */
		82C80C7B238147A0002C3E71 /* Debug */ = {
			isa = XCBuildConfiguration;
			buildSettings = {
				ALWAYS_SEARCH_USER_PATHS = NO;
				CLANG_ANALYZER_NONNULL = YES;
				CLANG_ANALYZER_NUMBER_OBJECT_CONVERSION = YES_AGGRESSIVE;
				CLANG_CXX_LANGUAGE_STANDARD = "gnu++14";
				CLANG_CXX_LIBRARY = "libc++";
				CLANG_ENABLE_MODULES = YES;
				CLANG_ENABLE_OBJC_ARC = YES;
				CLANG_ENABLE_OBJC_WEAK = YES;
				CLANG_WARN_BLOCK_CAPTURE_AUTORELEASING = YES;
				CLANG_WARN_BOOL_CONVERSION = YES;
				CLANG_WARN_COMMA = YES;
				CLANG_WARN_CONSTANT_CONVERSION = YES;
				CLANG_WARN_DEPRECATED_OBJC_IMPLEMENTATIONS = YES;
				CLANG_WARN_DIRECT_OBJC_ISA_USAGE = YES_ERROR;
				CLANG_WARN_DOCUMENTATION_COMMENTS = YES;
				CLANG_WARN_EMPTY_BODY = YES;
				CLANG_WARN_ENUM_CONVERSION = YES;
				CLANG_WARN_INFINITE_RECURSION = YES;
				CLANG_WARN_INT_CONVERSION = YES;
				CLANG_WARN_NON_LITERAL_NULL_CONVERSION = YES;
				CLANG_WARN_OBJC_IMPLICIT_RETAIN_SELF = YES;
				CLANG_WARN_OBJC_LITERAL_CONVERSION = YES;
				CLANG_WARN_OBJC_ROOT_CLASS = YES_ERROR;
				CLANG_WARN_RANGE_LOOP_ANALYSIS = YES;
				CLANG_WARN_STRICT_PROTOTYPES = YES;
				CLANG_WARN_SUSPICIOUS_MOVE = YES;
				CLANG_WARN_UNGUARDED_AVAILABILITY = YES_AGGRESSIVE;
				CLANG_WARN_UNREACHABLE_CODE = YES;
				CLANG_WARN__DUPLICATE_METHOD_MATCH = YES;
				COPY_PHASE_STRIP = NO;
				DEBUG_INFORMATION_FORMAT = dwarf;
				ENABLE_STRICT_OBJC_MSGSEND = YES;
				ENABLE_TESTABILITY = YES;
				GCC_C_LANGUAGE_STANDARD = gnu11;
				GCC_DYNAMIC_NO_PIC = NO;
				GCC_NO_COMMON_BLOCKS = YES;
				GCC_OPTIMIZATION_LEVEL = 0;
				GCC_PREPROCESSOR_DEFINITIONS = (
					"DEBUG=1",
					"$(inherited)",
				);
				GCC_WARN_64_TO_32_BIT_CONVERSION = YES;
				GCC_WARN_ABOUT_RETURN_TYPE = YES_ERROR;
				GCC_WARN_UNDECLARED_SELECTOR = YES;
				GCC_WARN_UNINITIALIZED_AUTOS = YES_AGGRESSIVE;
				GCC_WARN_UNUSED_FUNCTION = YES;
				GCC_WARN_UNUSED_VARIABLE = YES;
				IPHONEOS_DEPLOYMENT_TARGET = 13.2;
				MTL_ENABLE_DEBUG_INFO = INCLUDE_SOURCE;
				MTL_FAST_MATH = YES;
				ONLY_ACTIVE_ARCH = YES;
				SDKROOT = iphoneos;
				SWIFT_ACTIVE_COMPILATION_CONDITIONS = DEBUG;
				SWIFT_OPTIMIZATION_LEVEL = "-Onone";
			};
			name = Debug;
		};
		82C80C7C238147A0002C3E71 /* Release */ = {
			isa = XCBuildConfiguration;
			buildSettings = {
				ALWAYS_SEARCH_USER_PATHS = NO;
				CLANG_ANALYZER_NONNULL = YES;
				CLANG_ANALYZER_NUMBER_OBJECT_CONVERSION = YES_AGGRESSIVE;
				CLANG_CXX_LANGUAGE_STANDARD = "gnu++14";
				CLANG_CXX_LIBRARY = "libc++";
				CLANG_ENABLE_MODULES = YES;
				CLANG_ENABLE_OBJC_ARC = YES;
				CLANG_ENABLE_OBJC_WEAK = YES;
				CLANG_WARN_BLOCK_CAPTURE_AUTORELEASING = YES;
				CLANG_WARN_BOOL_CONVERSION = YES;
				CLANG_WARN_COMMA = YES;
				CLANG_WARN_CONSTANT_CONVERSION = YES;
				CLANG_WARN_DEPRECATED_OBJC_IMPLEMENTATIONS = YES;
				CLANG_WARN_DIRECT_OBJC_ISA_USAGE = YES_ERROR;
				CLANG_WARN_DOCUMENTATION_COMMENTS = YES;
				CLANG_WARN_EMPTY_BODY = YES;
				CLANG_WARN_ENUM_CONVERSION = YES;
				CLANG_WARN_INFINITE_RECURSION = YES;
				CLANG_WARN_INT_CONVERSION = YES;
				CLANG_WARN_NON_LITERAL_NULL_CONVERSION = YES;
				CLANG_WARN_OBJC_IMPLICIT_RETAIN_SELF = YES;
				CLANG_WARN_OBJC_LITERAL_CONVERSION = YES;
				CLANG_WARN_OBJC_ROOT_CLASS = YES_ERROR;
				CLANG_WARN_RANGE_LOOP_ANALYSIS = YES;
				CLANG_WARN_STRICT_PROTOTYPES = YES;
				CLANG_WARN_SUSPICIOUS_MOVE = YES;
				CLANG_WARN_UNGUARDED_AVAILABILITY = YES_AGGRESSIVE;
				CLANG_WARN_UNREACHABLE_CODE = YES;
				CLANG_WARN__DUPLICATE_METHOD_MATCH = YES;
				COPY_PHASE_STRIP = NO;
				DEBUG_INFORMATION_FORMAT = "dwarf-with-dsym";
				ENABLE_NS_ASSERTIONS = NO;
				ENABLE_STRICT_OBJC_MSGSEND = YES;
				GCC_C_LANGUAGE_STANDARD = gnu11;
				GCC_NO_COMMON_BLOCKS = YES;
				GCC_WARN_64_TO_32_BIT_CONVERSION = YES;
				GCC_WARN_ABOUT_RETURN_TYPE = YES_ERROR;
				GCC_WARN_UNDECLARED_SELECTOR = YES;
				GCC_WARN_UNINITIALIZED_AUTOS = YES_AGGRESSIVE;
				GCC_WARN_UNUSED_FUNCTION = YES;
				GCC_WARN_UNUSED_VARIABLE = YES;
				IPHONEOS_DEPLOYMENT_TARGET = 13.2;
				MTL_ENABLE_DEBUG_INFO = NO;
				MTL_FAST_MATH = YES;
				SDKROOT = iphoneos;
				SWIFT_COMPILATION_MODE = wholemodule;
				SWIFT_OPTIMIZATION_LEVEL = "-O";
				VALIDATE_PRODUCT = YES;
			};
			name = Release;
		};
		82C80C7E238147A0002C3E71 /* Debug */ = {
			isa = XCBuildConfiguration;
			buildSettings = {
				ASSETCATALOG_COMPILER_APPICON_NAME = AppIcon;
				CODE_SIGN_STYLE = Automatic;
				DEVELOPMENT_TEAM = 879A42R5D3;
				INFOPLIST_FILE = TelegramChart/Info.plist;
				IPHONEOS_DEPLOYMENT_TARGET = 12.0;
				LD_RUNPATH_SEARCH_PATHS = (
					"$(inherited)",
					"@executable_path/Frameworks",
				);
				PRODUCT_BUNDLE_IDENTIFIER = aserd.TelegramChart;
				PRODUCT_NAME = "$(TARGET_NAME)";
				SWIFT_VERSION = 5.0;
				TARGETED_DEVICE_FAMILY = "1,2";
			};
			name = Debug;
		};
		82C80C7F238147A0002C3E71 /* Release */ = {
			isa = XCBuildConfiguration;
			buildSettings = {
				ASSETCATALOG_COMPILER_APPICON_NAME = AppIcon;
				CODE_SIGN_STYLE = Automatic;
				DEVELOPMENT_TEAM = 879A42R5D3;
				INFOPLIST_FILE = TelegramChart/Info.plist;
				IPHONEOS_DEPLOYMENT_TARGET = 12.0;
				LD_RUNPATH_SEARCH_PATHS = (
					"$(inherited)",
					"@executable_path/Frameworks",
				);
				PRODUCT_BUNDLE_IDENTIFIER = aserd.TelegramChart;
				PRODUCT_NAME = "$(TARGET_NAME)";
				SWIFT_VERSION = 5.0;
				TARGETED_DEVICE_FAMILY = "1,2";
			};
			name = Release;
		};
/* End XCBuildConfiguration section */

/* Begin XCConfigurationList section */
		82C80C642381479E002C3E71 /* Build configuration list for PBXProject "TelegramChart" */ = {
			isa = XCConfigurationList;
			buildConfigurations = (
				82C80C7B238147A0002C3E71 /* Debug */,
				82C80C7C238147A0002C3E71 /* Release */,
			);
			defaultConfigurationIsVisible = 0;
			defaultConfigurationName = Release;
		};
		82C80C7D238147A0002C3E71 /* Build configuration list for PBXNativeTarget "TelegramChart" */ = {
			isa = XCConfigurationList;
			buildConfigurations = (
				82C80C7E238147A0002C3E71 /* Debug */,
				82C80C7F238147A0002C3E71 /* Release */,
			);
			defaultConfigurationIsVisible = 0;
			defaultConfigurationName = Release;
		};
/* End XCConfigurationList section */
	};
	rootObject = 82C80C612381479E002C3E71 /* Project object */;
}
